// !$*UTF8*$!
{
	archiveVersion = 1;
	classes = {
	};
	objectVersion = 56;
	objects = {

/* Begin PBXBuildFile section */
		A97C15DC29D1DF18008F014B /* AppDelegate.swift in Sources */ = {isa = PBXBuildFile; fileRef = A97C15DB29D1DF18008F014B /* AppDelegate.swift */; };
		A97C15DE29D1DF18008F014B /* SceneDelegate.swift in Sources */ = {isa = PBXBuildFile; fileRef = A97C15DD29D1DF18008F014B /* SceneDelegate.swift */; };
		A97C15E029D1DF18008F014B /* TabBarViewController.swift in Sources */ = {isa = PBXBuildFile; fileRef = A97C15DF29D1DF18008F014B /* TabBarViewController.swift */; };
		A97C15E529D1DF19008F014B /* Assets.xcassets in Resources */ = {isa = PBXBuildFile; fileRef = A97C15E429D1DF19008F014B /* Assets.xcassets */; };
		A97C15F129D1E46F008F014B /* WhatsNewViewController.swift in Sources */ = {isa = PBXBuildFile; fileRef = A97C15F029D1E46F008F014B /* WhatsNewViewController.swift */; };
		A97C15F329D1E48C008F014B /* MyListViewController.swift in Sources */ = {isa = PBXBuildFile; fileRef = A97C15F229D1E48C008F014B /* MyListViewController.swift */; };
		A97C15F629D1E8BC008F014B /* CollectionViewTableViewCell.swift in Sources */ = {isa = PBXBuildFile; fileRef = A97C15F529D1E8BC008F014B /* CollectionViewTableViewCell.swift */; };
		A97C15F929D1EDE2008F014B /* Data.swift in Sources */ = {isa = PBXBuildFile; fileRef = A97C15F829D1EDE2008F014B /* Data.swift */; };
		A97C15FC29D1EED6008F014B /* MediaResponseModel.swift in Sources */ = {isa = PBXBuildFile; fileRef = A97C15FB29D1EED6008F014B /* MediaResponseModel.swift */; };
		A97C15FF29D1EF37008F014B /* ApiService.swift in Sources */ = {isa = PBXBuildFile; fileRef = A97C15FE29D1EF37008F014B /* ApiService.swift */; };
		A97C160129D22EE7008F014B /* MediaCollectionViewCell.swift in Sources */ = {isa = PBXBuildFile; fileRef = A97C160029D22EE7008F014B /* MediaCollectionViewCell.swift */; };
		A97C160629D23674008F014B /* SDWebImage in Frameworks */ = {isa = PBXBuildFile; productRef = A97C160529D23674008F014B /* SDWebImage */; };
		A97C160829D23674008F014B /* SDWebImageMapKit in Frameworks */ = {isa = PBXBuildFile; productRef = A97C160729D23674008F014B /* SDWebImageMapKit */; };
		A97C160A29D23FD5008F014B /* Helpers.swift in Sources */ = {isa = PBXBuildFile; fileRef = A97C160929D23FD5008F014B /* Helpers.swift */; };
/* End PBXBuildFile section */

/* Begin PBXFileReference section */
		A97C15D829D1DF18008F014B /* PopcornTime.app */ = {isa = PBXFileReference; explicitFileType = wrapper.application; includeInIndex = 0; path = PopcornTime.app; sourceTree = BUILT_PRODUCTS_DIR; };
		A97C15DB29D1DF18008F014B /* AppDelegate.swift */ = {isa = PBXFileReference; lastKnownFileType = sourcecode.swift; path = AppDelegate.swift; sourceTree = "<group>"; };
		A97C15DD29D1DF18008F014B /* SceneDelegate.swift */ = {isa = PBXFileReference; lastKnownFileType = sourcecode.swift; path = SceneDelegate.swift; sourceTree = "<group>"; };
		A97C15DF29D1DF18008F014B /* TabBarViewController.swift */ = {isa = PBXFileReference; lastKnownFileType = sourcecode.swift; path = TabBarViewController.swift; sourceTree = "<group>"; };
		A97C15E429D1DF19008F014B /* Assets.xcassets */ = {isa = PBXFileReference; lastKnownFileType = folder.assetcatalog; path = Assets.xcassets; sourceTree = "<group>"; };
		A97C15E729D1DF19008F014B /* Base */ = {isa = PBXFileReference; lastKnownFileType = file.storyboard; name = Base; path = Base.lproj/LaunchScreen.storyboard; sourceTree = "<group>"; };
		A97C15E929D1DF19008F014B /* Info.plist */ = {isa = PBXFileReference; lastKnownFileType = text.plist.xml; path = Info.plist; sourceTree = "<group>"; };
		A97C15F029D1E46F008F014B /* WhatsNewViewController.swift */ = {isa = PBXFileReference; lastKnownFileType = sourcecode.swift; path = WhatsNewViewController.swift; sourceTree = "<group>"; };
		A97C15F229D1E48C008F014B /* MyListViewController.swift */ = {isa = PBXFileReference; lastKnownFileType = sourcecode.swift; path = MyListViewController.swift; sourceTree = "<group>"; };
		A97C15F529D1E8BC008F014B /* CollectionViewTableViewCell.swift */ = {isa = PBXFileReference; lastKnownFileType = sourcecode.swift; path = CollectionViewTableViewCell.swift; sourceTree = "<group>"; };
		A97C15F829D1EDE2008F014B /* Data.swift */ = {isa = PBXFileReference; lastKnownFileType = sourcecode.swift; path = Data.swift; sourceTree = "<group>"; };
		A97C15FB29D1EED6008F014B /* MediaResponseModel.swift */ = {isa = PBXFileReference; lastKnownFileType = sourcecode.swift; path = MediaResponseModel.swift; sourceTree = "<group>"; };
		A97C15FE29D1EF37008F014B /* ApiService.swift */ = {isa = PBXFileReference; lastKnownFileType = sourcecode.swift; path = ApiService.swift; sourceTree = "<group>"; };
		A97C160029D22EE7008F014B /* MediaCollectionViewCell.swift */ = {isa = PBXFileReference; lastKnownFileType = sourcecode.swift; path = MediaCollectionViewCell.swift; sourceTree = "<group>"; };
		A97C160929D23FD5008F014B /* Helpers.swift */ = {isa = PBXFileReference; lastKnownFileType = sourcecode.swift; path = Helpers.swift; sourceTree = "<group>"; };
/* End PBXFileReference section */

/* Begin PBXFrameworksBuildPhase section */
		A97C15D529D1DF18008F014B /* Frameworks */ = {
			isa = PBXFrameworksBuildPhase;
			buildActionMask = 2147483647;
			files = (
				A97C160829D23674008F014B /* SDWebImageMapKit in Frameworks */,
				A97C160629D23674008F014B /* SDWebImage in Frameworks */,
			);
			runOnlyForDeploymentPostprocessing = 0;
		};
/* End PBXFrameworksBuildPhase section */

/* Begin PBXGroup section */
		A97C15CF29D1DF18008F014B = {
			isa = PBXGroup;
			children = (
				A97C15DA29D1DF18008F014B /* PopcornTime */,
				A97C15D929D1DF18008F014B /* Products */,
			);
			sourceTree = "<group>";
		};
		A97C15D929D1DF18008F014B /* Products */ = {
			isa = PBXGroup;
			children = (
				A97C15D829D1DF18008F014B /* PopcornTime.app */,
			);
			name = Products;
			sourceTree = "<group>";
		};
		A97C15DA29D1DF18008F014B /* PopcornTime */ = {
			isa = PBXGroup;
			children = (
				A97C15DB29D1DF18008F014B /* AppDelegate.swift */,
				A97C15FA29D1EEB8008F014B /* Models */,
				A97C15F429D1E897008F014B /* Views */,
				A97C15EF29D1E459008F014B /* Controllers */,
				A97C15DD29D1DF18008F014B /* SceneDelegate.swift */,
				A97C15F829D1EDE2008F014B /* Data.swift */,
				A97C160929D23FD5008F014B /* Helpers.swift */,
				A97C15E429D1DF19008F014B /* Assets.xcassets */,
				A97C15FD29D1EF10008F014B /* Services */,
				A97C15E629D1DF19008F014B /* LaunchScreen.storyboard */,
				A97C15E929D1DF19008F014B /* Info.plist */,
			);
			path = PopcornTime;
			sourceTree = "<group>";
		};
		A97C15EF29D1E459008F014B /* Controllers */ = {
			isa = PBXGroup;
			children = (
				A97C15DF29D1DF18008F014B /* TabBarViewController.swift */,
				A97C15F029D1E46F008F014B /* WhatsNewViewController.swift */,
				A97C15F229D1E48C008F014B /* MyListViewController.swift */,
			);
			path = Controllers;
			sourceTree = "<group>";
		};
		A97C15F429D1E897008F014B /* Views */ = {
			isa = PBXGroup;
			children = (
				A97C15F529D1E8BC008F014B /* CollectionViewTableViewCell.swift */,
				A97C160029D22EE7008F014B /* MediaCollectionViewCell.swift */,
			);
			path = Views;
			sourceTree = "<group>";
		};
		A97C15FA29D1EEB8008F014B /* Models */ = {
			isa = PBXGroup;
			children = (
				A97C15FB29D1EED6008F014B /* MediaResponseModel.swift */,
			);
			path = Models;
			sourceTree = "<group>";
		};
		A97C15FD29D1EF10008F014B /* Services */ = {
			isa = PBXGroup;
			children = (
				A97C15FE29D1EF37008F014B /* ApiService.swift */,
			);
			path = Services;
			sourceTree = "<group>";
		};
/* End PBXGroup section */

/* Begin PBXNativeTarget section */
		A97C15D729D1DF18008F014B /* PopcornTime */ = {
			isa = PBXNativeTarget;
			buildConfigurationList = A97C15EC29D1DF19008F014B /* Build configuration list for PBXNativeTarget "PopcornTime" */;
			buildPhases = (
				A97C15D429D1DF18008F014B /* Sources */,
				A97C15D529D1DF18008F014B /* Frameworks */,
				A97C15D629D1DF18008F014B /* Resources */,
			);
			buildRules = (
			);
			dependencies = (
			);
			name = PopcornTime;
			packageProductDependencies = (
				A97C160529D23674008F014B /* SDWebImage */,
				A97C160729D23674008F014B /* SDWebImageMapKit */,
			);
			productName = PopcornTime;
			productReference = A97C15D829D1DF18008F014B /* PopcornTime.app */;
			productType = "com.apple.product-type.application";
		};
/* End PBXNativeTarget section */

/* Begin PBXProject section */
		A97C15D029D1DF18008F014B /* Project object */ = {
			isa = PBXProject;
			attributes = {
				BuildIndependentTargetsInParallel = 1;
				LastSwiftUpdateCheck = 1420;
				LastUpgradeCheck = 1420;
				TargetAttributes = {
					A97C15D729D1DF18008F014B = {
						CreatedOnToolsVersion = 14.2;
					};
				};
			};
			buildConfigurationList = A97C15D329D1DF18008F014B /* Build configuration list for PBXProject "PopcornTime" */;
			compatibilityVersion = "Xcode 14.0";
			developmentRegion = en;
			hasScannedForEncodings = 0;
			knownRegions = (
				en,
				Base,
			);
			mainGroup = A97C15CF29D1DF18008F014B;
			packageReferences = (
				A97C160429D23674008F014B /* XCRemoteSwiftPackageReference "SDWebImage" */,
			);
			productRefGroup = A97C15D929D1DF18008F014B /* Products */;
			projectDirPath = "";
			projectRoot = "";
			targets = (
				A97C15D729D1DF18008F014B /* PopcornTime */,
			);
		};
/* End PBXProject section */

/* Begin PBXResourcesBuildPhase section */
		A97C15D629D1DF18008F014B /* Resources */ = {
			isa = PBXResourcesBuildPhase;
			buildActionMask = 2147483647;
			files = (
				A97C15E529D1DF19008F014B /* Assets.xcassets in Resources */,
			);
			runOnlyForDeploymentPostprocessing = 0;
		};
/* End PBXResourcesBuildPhase section */

/* Begin PBXSourcesBuildPhase section */
		A97C15D429D1DF18008F014B /* Sources */ = {
			isa = PBXSourcesBuildPhase;
			buildActionMask = 2147483647;
			files = (
				A97C15F929D1EDE2008F014B /* Data.swift in Sources */,
				A97C15E029D1DF18008F014B /* TabBarViewController.swift in Sources */,
				A97C15DC29D1DF18008F014B /* AppDelegate.swift in Sources */,
				A97C15FC29D1EED6008F014B /* MediaResponseModel.swift in Sources */,
				A97C160A29D23FD5008F014B /* Helpers.swift in Sources */,
				A97C15F629D1E8BC008F014B /* CollectionViewTableViewCell.swift in Sources */,
				A97C160129D22EE7008F014B /* MediaCollectionViewCell.swift in Sources */,
				A97C15FF29D1EF37008F014B /* ApiService.swift in Sources */,
				A97C15F329D1E48C008F014B /* MyListViewController.swift in Sources */,
				A97C15DE29D1DF18008F014B /* SceneDelegate.swift in Sources */,
				A97C15F129D1E46F008F014B /* WhatsNewViewController.swift in Sources */,
			);
			runOnlyForDeploymentPostprocessing = 0;
		};
/* End PBXSourcesBuildPhase section */

/* Begin PBXVariantGroup section */
		A97C15E629D1DF19008F014B /* LaunchScreen.storyboard */ = {
			isa = PBXVariantGroup;
			children = (
				A97C15E729D1DF19008F014B /* Base */,
			);
			name = LaunchScreen.storyboard;
			sourceTree = "<group>";
		};
/* End PBXVariantGroup section */

/* Begin XCBuildConfiguration section */
		A97C15EA29D1DF19008F014B /* Debug */ = {
			isa = XCBuildConfiguration;
			buildSettings = {
				ALWAYS_SEARCH_USER_PATHS = NO;
				CLANG_ANALYZER_NONNULL = YES;
				CLANG_ANALYZER_NUMBER_OBJECT_CONVERSION = YES_AGGRESSIVE;
				CLANG_CXX_LANGUAGE_STANDARD = "gnu++20";
				CLANG_ENABLE_MODULES = YES;
				CLANG_ENABLE_OBJC_ARC = YES;
				CLANG_ENABLE_OBJC_WEAK = YES;
				CLANG_WARN_BLOCK_CAPTURE_AUTORELEASING = YES;
				CLANG_WARN_BOOL_CONVERSION = YES;
				CLANG_WARN_COMMA = YES;
				CLANG_WARN_CONSTANT_CONVERSION = YES;
				CLANG_WARN_DEPRECATED_OBJC_IMPLEMENTATIONS = YES;
				CLANG_WARN_DIRECT_OBJC_ISA_USAGE = YES_ERROR;
				CLANG_WARN_DOCUMENTATION_COMMENTS = YES;
				CLANG_WARN_EMPTY_BODY = YES;
				CLANG_WARN_ENUM_CONVERSION = YES;
				CLANG_WARN_INFINITE_RECURSION = YES;
				CLANG_WARN_INT_CONVERSION = YES;
				CLANG_WARN_NON_LITERAL_NULL_CONVERSION = YES;
				CLANG_WARN_OBJC_IMPLICIT_RETAIN_SELF = YES;
				CLANG_WARN_OBJC_LITERAL_CONVERSION = YES;
				CLANG_WARN_OBJC_ROOT_CLASS = YES_ERROR;
				CLANG_WARN_QUOTED_INCLUDE_IN_FRAMEWORK_HEADER = YES;
				CLANG_WARN_RANGE_LOOP_ANALYSIS = YES;
				CLANG_WARN_STRICT_PROTOTYPES = YES;
				CLANG_WARN_SUSPICIOUS_MOVE = YES;
				CLANG_WARN_UNGUARDED_AVAILABILITY = YES_AGGRESSIVE;
				CLANG_WARN_UNREACHABLE_CODE = YES;
				CLANG_WARN__DUPLICATE_METHOD_MATCH = YES;
				COPY_PHASE_STRIP = NO;
				DEBUG_INFORMATION_FORMAT = dwarf;
				ENABLE_STRICT_OBJC_MSGSEND = YES;
				ENABLE_TESTABILITY = YES;
				GCC_C_LANGUAGE_STANDARD = gnu11;
				GCC_DYNAMIC_NO_PIC = NO;
				GCC_NO_COMMON_BLOCKS = YES;
				GCC_OPTIMIZATION_LEVEL = 0;
				GCC_PREPROCESSOR_DEFINITIONS = (
					"DEBUG=1",
					"$(inherited)",
				);
				GCC_WARN_64_TO_32_BIT_CONVERSION = YES;
				GCC_WARN_ABOUT_RETURN_TYPE = YES_ERROR;
				GCC_WARN_UNDECLARED_SELECTOR = YES;
				GCC_WARN_UNINITIALIZED_AUTOS = YES_AGGRESSIVE;
				GCC_WARN_UNUSED_FUNCTION = YES;
				GCC_WARN_UNUSED_VARIABLE = YES;
				IPHONEOS_DEPLOYMENT_TARGET = 16.2;
				MTL_ENABLE_DEBUG_INFO = INCLUDE_SOURCE;
				MTL_FAST_MATH = YES;
				ONLY_ACTIVE_ARCH = YES;
				SDKROOT = iphoneos;
				SWIFT_ACTIVE_COMPILATION_CONDITIONS = DEBUG;
				SWIFT_OPTIMIZATION_LEVEL = "-Onone";
			};
			name = Debug;
		};
		A97C15EB29D1DF19008F014B /* Release */ = {
			isa = XCBuildConfiguration;
			buildSettings = {
				ALWAYS_SEARCH_USER_PATHS = NO;
				CLANG_ANALYZER_NONNULL = YES;
				CLANG_ANALYZER_NUMBER_OBJECT_CONVERSION = YES_AGGRESSIVE;
				CLANG_CXX_LANGUAGE_STANDARD = "gnu++20";
				CLANG_ENABLE_MODULES = YES;
				CLANG_ENABLE_OBJC_ARC = YES;
				CLANG_ENABLE_OBJC_WEAK = YES;
				CLANG_WARN_BLOCK_CAPTURE_AUTORELEASING = YES;
				CLANG_WARN_BOOL_CONVERSION = YES;
				CLANG_WARN_COMMA = YES;
				CLANG_WARN_CONSTANT_CONVERSION = YES;
				CLANG_WARN_DEPRECATED_OBJC_IMPLEMENTATIONS = YES;
				CLANG_WARN_DIRECT_OBJC_ISA_USAGE = YES_ERROR;
				CLANG_WARN_DOCUMENTATION_COMMENTS = YES;
				CLANG_WARN_EMPTY_BODY = YES;
				CLANG_WARN_ENUM_CONVERSION = YES;
				CLANG_WARN_INFINITE_RECURSION = YES;
				CLANG_WARN_INT_CONVERSION = YES;
				CLANG_WARN_NON_LITERAL_NULL_CONVERSION = YES;
				CLANG_WARN_OBJC_IMPLICIT_RETAIN_SELF = YES;
				CLANG_WARN_OBJC_LITERAL_CONVERSION = YES;
				CLANG_WARN_OBJC_ROOT_CLASS = YES_ERROR;
				CLANG_WARN_QUOTED_INCLUDE_IN_FRAMEWORK_HEADER = YES;
				CLANG_WARN_RANGE_LOOP_ANALYSIS = YES;
				CLANG_WARN_STRICT_PROTOTYPES = YES;
				CLANG_WARN_SUSPICIOUS_MOVE = YES;
				CLANG_WARN_UNGUARDED_AVAILABILITY = YES_AGGRESSIVE;
				CLANG_WARN_UNREACHABLE_CODE = YES;
				CLANG_WARN__DUPLICATE_METHOD_MATCH = YES;
				COPY_PHASE_STRIP = NO;
				DEBUG_INFORMATION_FORMAT = "dwarf-with-dsym";
				ENABLE_NS_ASSERTIONS = NO;
				ENABLE_STRICT_OBJC_MSGSEND = YES;
				GCC_C_LANGUAGE_STANDARD = gnu11;
				GCC_NO_COMMON_BLOCKS = YES;
				GCC_WARN_64_TO_32_BIT_CONVERSION = YES;
				GCC_WARN_ABOUT_RETURN_TYPE = YES_ERROR;
				GCC_WARN_UNDECLARED_SELECTOR = YES;
				GCC_WARN_UNINITIALIZED_AUTOS = YES_AGGRESSIVE;
				GCC_WARN_UNUSED_FUNCTION = YES;
				GCC_WARN_UNUSED_VARIABLE = YES;
				IPHONEOS_DEPLOYMENT_TARGET = 16.2;
				MTL_ENABLE_DEBUG_INFO = NO;
				MTL_FAST_MATH = YES;
				SDKROOT = iphoneos;
				SWIFT_COMPILATION_MODE = wholemodule;
				SWIFT_OPTIMIZATION_LEVEL = "-O";
				VALIDATE_PRODUCT = YES;
			};
			name = Release;
		};
		A97C15ED29D1DF19008F014B /* Debug */ = {
			isa = XCBuildConfiguration;
			buildSettings = {
				ASSETCATALOG_COMPILER_APPICON_NAME = AppIcon;
				ASSETCATALOG_COMPILER_GLOBAL_ACCENT_COLOR_NAME = AccentColor;
				CODE_SIGN_STYLE = Automatic;
				CURRENT_PROJECT_VERSION = 1;
				DEVELOPMENT_TEAM = 2983DH4K56;
				GENERATE_INFOPLIST_FILE = YES;
				INFOPLIST_FILE = PopcornTime/Info.plist;
				INFOPLIST_KEY_UIApplicationSupportsIndirectInputEvents = YES;
				INFOPLIST_KEY_UILaunchStoryboardName = LaunchScreen;
				INFOPLIST_KEY_UISupportedInterfaceOrientations_iPad = "UIInterfaceOrientationPortrait UIInterfaceOrientationPortraitUpsideDown UIInterfaceOrientationLandscapeLeft UIInterfaceOrientationLandscapeRight";
				INFOPLIST_KEY_UISupportedInterfaceOrientations_iPhone = "UIInterfaceOrientationPortrait UIInterfaceOrientationLandscapeLeft UIInterfaceOrientationLandscapeRight";
				LD_RUNPATH_SEARCH_PATHS = (
					"$(inherited)",
					"@executable_path/Frameworks",
				);
				MARKETING_VERSION = 1.0;
				PRODUCT_BUNDLE_IDENTIFIER = antonella.PopcornTime;
				PRODUCT_NAME = "$(TARGET_NAME)";
				SWIFT_EMIT_LOC_STRINGS = YES;
				SWIFT_VERSION = 5.0;
				TARGETED_DEVICE_FAMILY = "1,2";
			};
			name = Debug;
		};
		A97C15EE29D1DF19008F014B /* Release */ = {
			isa = XCBuildConfiguration;
			buildSettings = {
				ASSETCATALOG_COMPILER_APPICON_NAME = AppIcon;
				ASSETCATALOG_COMPILER_GLOBAL_ACCENT_COLOR_NAME = AccentColor;
				CODE_SIGN_STYLE = Automatic;
				CURRENT_PROJECT_VERSION = 1;
				DEVELOPMENT_TEAM = 2983DH4K56;
				GENERATE_INFOPLIST_FILE = YES;
				INFOPLIST_FILE = PopcornTime/Info.plist;
				INFOPLIST_KEY_UIApplicationSupportsIndirectInputEvents = YES;
				INFOPLIST_KEY_UILaunchStoryboardName = LaunchScreen;
				INFOPLIST_KEY_UISupportedInterfaceOrientations_iPad = "UIInterfaceOrientationPortrait UIInterfaceOrientationPortraitUpsideDown UIInterfaceOrientationLandscapeLeft UIInterfaceOrientationLandscapeRight";
				INFOPLIST_KEY_UISupportedInterfaceOrientations_iPhone = "UIInterfaceOrientationPortrait UIInterfaceOrientationLandscapeLeft UIInterfaceOrientationLandscapeRight";
				LD_RUNPATH_SEARCH_PATHS = (
					"$(inherited)",
					"@executable_path/Frameworks",
				);
				MARKETING_VERSION = 1.0;
				PRODUCT_BUNDLE_IDENTIFIER = antonella.PopcornTime;
				PRODUCT_NAME = "$(TARGET_NAME)";
				SWIFT_EMIT_LOC_STRINGS = YES;
				SWIFT_VERSION = 5.0;
				TARGETED_DEVICE_FAMILY = "1,2";
			};
			name = Release;
		};
/* End XCBuildConfiguration section */

/* Begin XCConfigurationList section */
		A97C15D329D1DF18008F014B /* Build configuration list for PBXProject "PopcornTime" */ = {
			isa = XCConfigurationList;
			buildConfigurations = (
				A97C15EA29D1DF19008F014B /* Debug */,
				A97C15EB29D1DF19008F014B /* Release */,
			);
			defaultConfigurationIsVisible = 0;
			defaultConfigurationName = Release;
		};
		A97C15EC29D1DF19008F014B /* Build configuration list for PBXNativeTarget "PopcornTime" */ = {
			isa = XCConfigurationList;
			buildConfigurations = (
				A97C15ED29D1DF19008F014B /* Debug */,
				A97C15EE29D1DF19008F014B /* Release */,
			);
			defaultConfigurationIsVisible = 0;
			defaultConfigurationName = Release;
		};
/* End XCConfigurationList section */

/* Begin XCRemoteSwiftPackageReference section */
		A97C160429D23674008F014B /* XCRemoteSwiftPackageReference "SDWebImage" */ = {
			isa = XCRemoteSwiftPackageReference;
			repositoryURL = "https://github.com/SDWebImage/SDWebImage.git";
			requirement = {
				kind = upToNextMajorVersion;
				minimumVersion = 5.0.0;
			};
		};
/* End XCRemoteSwiftPackageReference section */

/* Begin XCSwiftPackageProductDependency section */
		A97C160529D23674008F014B /* SDWebImage */ = {
			isa = XCSwiftPackageProductDependency;
			package = A97C160429D23674008F014B /* XCRemoteSwiftPackageReference "SDWebImage" */;
			productName = SDWebImage;
		};
		A97C160729D23674008F014B /* SDWebImageMapKit */ = {
			isa = XCSwiftPackageProductDependency;
			package = A97C160429D23674008F014B /* XCRemoteSwiftPackageReference "SDWebImage" */;
			productName = SDWebImageMapKit;
		};
/* End XCSwiftPackageProductDependency section */
	};
	rootObject = A97C15D029D1DF18008F014B /* Project object */;
}
